
Microsoft Visual Studio Solution File, Format Version 12.00
# Visual Studio Version 17
VisualStudioVersion = 17.8.34322.80
MinimumVisualStudioVersion = 10.0.40219.1
Project("{FAE04EC0-301F-11D3-BF4B-00C04F79EFBC}") = "tst1", "tst1\tst1.csproj", "{D27AF4C4-2483-48C7-882D-7CB9DD013EBE}"
EndProject
Global
	GlobalSection(SolutionConfigurationPlatforms) = preSolution
		Debug|Any CPU = Debug|Any CPU
		Release|Any CPU = Release|Any CPU
	EndGlobalSection
	GlobalSection(ProjectConfigurationPlatforms) = postSolution
		{D27AF4C4-2483-48C7-882D-7CB9DD013EBE}.Debug|Any CPU.ActiveCfg = Debug|Any CPU
		{D27AF4C4-2483-48C7-882D-7CB9DD013EBE}.Debug|Any CPU.Build.0 = Debug|Any CPU
		{D27AF4C4-2483-48C7-882D-7CB9DD013EBE}.Release|Any CPU.ActiveCfg = Release|Any CPU
		{D27AF4C4-2483-48C7-882D-7CB9DD013EBE}.Release|Any CPU.Build.0 = Release|Any CPU
	EndGlobalSection
	GlobalSection(SolutionProperties) = preSolution
		HideSolutionNode = FALSE
	EndGlobalSection
	GlobalSection(ExtensibilityGlobals) = postSolution
		SolutionGuid = {FD35E60E-CB4D-421D-AD5E-8AEDAF46B87A}
	EndGlobalSection
EndGlobal
